
Microsoft Visual Studio Solution File, Format Version 12.00
# Visual Studio 15
VisualStudioVersion = 15.0.27703.2042
MinimumVisualStudioVersion = 10.0.40219.1
Project("{FAE04EC0-301F-11D3-BF4B-00C04F79EFBC}") = "ComicBookGallery", "ComicBookGallery\ComicBookGallery.csproj", "{D4139384-93AE-4054-8C56-843CC0FDA4DE}"
EndProject
Global
	GlobalSection(SolutionConfigurationPlatforms) = preSolution
		Debug|Any CPU = Debug|Any CPU
		Release|Any CPU = Release|Any CPU
	EndGlobalSection
	GlobalSection(ProjectConfigurationPlatforms) = postSolution
		{D4139384-93AE-4054-8C56-843CC0FDA4DE}.Debug|Any CPU.ActiveCfg = Debug|Any CPU
		{D4139384-93AE-4054-8C56-843CC0FDA4DE}.Debug|Any CPU.Build.0 = Debug|Any CPU
		{D4139384-93AE-4054-8C56-843CC0FDA4DE}.Release|Any CPU.ActiveCfg = Release|Any CPU
		{D4139384-93AE-4054-8C56-843CC0FDA4DE}.Release|Any CPU.Build.0 = Release|Any CPU
	EndGlobalSection
	GlobalSection(SolutionProperties) = preSolution
		HideSolutionNode = FALSE
	EndGlobalSection
	GlobalSection(ExtensibilityGlobals) = postSolution
		SolutionGuid = {C5358989-3720-4F82-AA6D-49818D4A63BE}
	EndGlobalSection
EndGlobal
